
Microsoft Visual Studio Solution File, Format Version 12.00
# Visual Studio 15
VisualStudioVersion = 15.0.28307.572
MinimumVisualStudioVersion = 10.0.40219.1
Project("{FAE04EC0-301F-11D3-BF4B-00C04F79EFBC}") = "FlightCenterProject", "FlightCenterProject\FlightCenterProject.csproj", "{1D174FAF-46DB-4BA7-9726-2D7DC5287C4B}"
EndProject
Project("{FAE04EC0-301F-11D3-BF4B-00C04F79EFBC}") = "UnitTestFlightCenterProject", "UnitTestFlightCenterProject\UnitTestFlightCenterProject.csproj", "{9190FDA6-559D-46D6-8ABA-F8515A3CF37E}"
EndProject
Global
	GlobalSection(SolutionConfigurationPlatforms) = preSolution
		Debug|Any CPU = Debug|Any CPU
		Release|Any CPU = Release|Any CPU
	EndGlobalSection
	GlobalSection(ProjectConfigurationPlatforms) = postSolution
		{1D174FAF-46DB-4BA7-9726-2D7DC5287C4B}.Debug|Any CPU.ActiveCfg = Debug|Any CPU
		{1D174FAF-46DB-4BA7-9726-2D7DC5287C4B}.Debug|Any CPU.Build.0 = Debug|Any CPU
		{1D174FAF-46DB-4BA7-9726-2D7DC5287C4B}.Release|Any CPU.ActiveCfg = Release|Any CPU
		{1D174FAF-46DB-4BA7-9726-2D7DC5287C4B}.Release|Any CPU.Build.0 = Release|Any CPU
		{9190FDA6-559D-46D6-8ABA-F8515A3CF37E}.Debug|Any CPU.ActiveCfg = Debug|Any CPU
		{9190FDA6-559D-46D6-8ABA-F8515A3CF37E}.Debug|Any CPU.Build.0 = Debug|Any CPU
		{9190FDA6-559D-46D6-8ABA-F8515A3CF37E}.Release|Any CPU.ActiveCfg = Release|Any CPU
		{9190FDA6-559D-46D6-8ABA-F8515A3CF37E}.Release|Any CPU.Build.0 = Release|Any CPU
	EndGlobalSection
	GlobalSection(SolutionProperties) = preSolution
		HideSolutionNode = FALSE
	EndGlobalSection
	GlobalSection(ExtensibilityGlobals) = postSolution
		SolutionGuid = {17259932-B570-4966-8CDE-AFF59ED5DA89}
	EndGlobalSection
EndGlobal
